
Microsoft Visual Studio Solution File, Format Version 12.00
# Visual Studio Version 16
VisualStudioVersion = 16.0.29001.49
MinimumVisualStudioVersion = 10.0.40219.1
Project("{FAE04EC0-301F-11D3-BF4B-00C04F79EFBC}") = "WebsiteDetector", "WebsiteDetector\WebsiteDetector.csproj", "{BCFED0DF-11C7-424D-A78C-15A561BB9E5A}"
EndProject
Global
	GlobalSection(SolutionConfigurationPlatforms) = preSolution
		Debug|Any CPU = Debug|Any CPU
		Release|Any CPU = Release|Any CPU
	EndGlobalSection
	GlobalSection(ProjectConfigurationPlatforms) = postSolution
		{BCFED0DF-11C7-424D-A78C-15A561BB9E5A}.Debug|Any CPU.ActiveCfg = Debug|Any CPU
		{BCFED0DF-11C7-424D-A78C-15A561BB9E5A}.Debug|Any CPU.Build.0 = Debug|Any CPU
		{BCFED0DF-11C7-424D-A78C-15A561BB9E5A}.Release|Any CPU.ActiveCfg = Release|Any CPU
		{BCFED0DF-11C7-424D-A78C-15A561BB9E5A}.Release|Any CPU.Build.0 = Release|Any CPU
	EndGlobalSection
	GlobalSection(SolutionProperties) = preSolution
		HideSolutionNode = FALSE
	EndGlobalSection
	GlobalSection(ExtensibilityGlobals) = postSolution
		SolutionGuid = {1FDD9AD4-1761-46AC-820C-5B43058C7F9E}
	EndGlobalSection
EndGlobal
